
Microsoft Visual Studio Solution File, Format Version 12.00
# Visual Studio Version 16
VisualStudioVersion = 16.0.30002.166
MinimumVisualStudioVersion = 10.0.40219.1
Project("{FAE04EC0-301F-11D3-BF4B-00C04F79EFBC}") = "Hangman1", "Hangman1\Hangman1.csproj", "{1F213C7C-E697-49BE-9776-8117AB1C1187}"
EndProject
Global
	GlobalSection(SolutionConfigurationPlatforms) = preSolution
		Debug|Any CPU = Debug|Any CPU
		Release|Any CPU = Release|Any CPU
	EndGlobalSection
	GlobalSection(ProjectConfigurationPlatforms) = postSolution
		{1F213C7C-E697-49BE-9776-8117AB1C1187}.Debug|Any CPU.ActiveCfg = Debug|Any CPU
		{1F213C7C-E697-49BE-9776-8117AB1C1187}.Debug|Any CPU.Build.0 = Debug|Any CPU
		{1F213C7C-E697-49BE-9776-8117AB1C1187}.Release|Any CPU.ActiveCfg = Release|Any CPU
		{1F213C7C-E697-49BE-9776-8117AB1C1187}.Release|Any CPU.Build.0 = Release|Any CPU
	EndGlobalSection
	GlobalSection(SolutionProperties) = preSolution
		HideSolutionNode = FALSE
	EndGlobalSection
	GlobalSection(ExtensibilityGlobals) = postSolution
		SolutionGuid = {45E2B624-23B6-4586-9140-A74DCCD6BC4D}
	EndGlobalSection
EndGlobal
